
Microsoft Visual Studio Solution File, Format Version 12.00
# Visual Studio Version 17
VisualStudioVersion = 17.2.32630.192
MinimumVisualStudioVersion = 10.0.40219.1
Project("{FAE04EC0-301F-11D3-BF4B-00C04F79EFBC}") = "Visma_Calculator", "Visma_Calculator\Visma_Calculator.csproj", "{655BF395-297E-4B46-856B-AECB33AE7A00}"
EndProject
Global
	GlobalSection(SolutionConfigurationPlatforms) = preSolution
		Debug|Any CPU = Debug|Any CPU
		Release|Any CPU = Release|Any CPU
	EndGlobalSection
	GlobalSection(ProjectConfigurationPlatforms) = postSolution
		{655BF395-297E-4B46-856B-AECB33AE7A00}.Debug|Any CPU.ActiveCfg = Debug|Any CPU
		{655BF395-297E-4B46-856B-AECB33AE7A00}.Debug|Any CPU.Build.0 = Debug|Any CPU
		{655BF395-297E-4B46-856B-AECB33AE7A00}.Release|Any CPU.ActiveCfg = Release|Any CPU
		{655BF395-297E-4B46-856B-AECB33AE7A00}.Release|Any CPU.Build.0 = Release|Any CPU
	EndGlobalSection
	GlobalSection(SolutionProperties) = preSolution
		HideSolutionNode = FALSE
	EndGlobalSection
	GlobalSection(ExtensibilityGlobals) = postSolution
		SolutionGuid = {60E374E1-A910-4364-9D66-398E46CE9BB7}
	EndGlobalSection
EndGlobal
